// !$*UTF8*$!
{
	archiveVersion = 1;
	classes = {
	};
	objectVersion = 46;
	objects = {

/* Begin PBXBuildFile section */
		CEAA8C6F1F16200000BC3CD7 /* UIColor+AwesomeGame.m in Sources */ = {isa = PBXBuildFile; fileRef = CEAA8C6E1F16200000BC3CD7 /* UIColor+AwesomeGame.m */; };
		CEAA8C741F162BCF00BC3CD7 /* AGAlert.m in Sources */ = {isa = PBXBuildFile; fileRef = CEAA8C721F162BCF00BC3CD7 /* AGAlert.m */; };
		CEAA8C751F162BCF00BC3CD7 /* AGAlert.xib in Resources */ = {isa = PBXBuildFile; fileRef = CEAA8C731F162BCF00BC3CD7 /* AGAlert.xib */; };
		CEAA8C7F1F18EBFC00BC3CD7 /* AGGameItemView.m in Sources */ = {isa = PBXBuildFile; fileRef = CEAA8C7E1F18EBFC00BC3CD7 /* AGGameItemView.m */; };
		CEAA8CB91F1D3B2C00BC3CD7 /* AGGameItem.m in Sources */ = {isa = PBXBuildFile; fileRef = CEAA8CB51F1D382B00BC3CD7 /* AGGameItem.m */; };
		CEAA8CBA1F1D3B2F00BC3CD7 /* AGGameEngine.m in Sources */ = {isa = PBXBuildFile; fileRef = CEAA8CB31F1D382B00BC3CD7 /* AGGameEngine.m */; };
		CEAA8CD41F1F614800BC3CD7 /* AGGameItemTransition.m in Sources */ = {isa = PBXBuildFile; fileRef = CEAA8CD31F1F614800BC3CD7 /* AGGameItemTransition.m */; };
		CEF0B5471F0F6F2B00F18BE7 /* main.m in Sources */ = {isa = PBXBuildFile; fileRef = CEF0B5461F0F6F2B00F18BE7 /* main.m */; };
		CEF0B54A1F0F6F2B00F18BE7 /* AppDelegate.m in Sources */ = {isa = PBXBuildFile; fileRef = CEF0B5491F0F6F2B00F18BE7 /* AppDelegate.m */; };
		CEF0B54D1F0F6F2B00F18BE7 /* AGMainMenuViewController.m in Sources */ = {isa = PBXBuildFile; fileRef = CEF0B54C1F0F6F2B00F18BE7 /* AGMainMenuViewController.m */; };
		CEF0B5501F0F6F2B00F18BE7 /* Main.storyboard in Resources */ = {isa = PBXBuildFile; fileRef = CEF0B54E1F0F6F2B00F18BE7 /* Main.storyboard */; };
		CEF0B5521F0F6F2B00F18BE7 /* Assets.xcassets in Resources */ = {isa = PBXBuildFile; fileRef = CEF0B5511F0F6F2B00F18BE7 /* Assets.xcassets */; };
		CEF0B5551F0F6F2B00F18BE7 /* LaunchScreen.storyboard in Resources */ = {isa = PBXBuildFile; fileRef = CEF0B5531F0F6F2B00F18BE7 /* LaunchScreen.storyboard */; };
		CEF0B55E1F0F953400F18BE7 /* AGHighscoresViewController.m in Sources */ = {isa = PBXBuildFile; fileRef = CEF0B55D1F0F953400F18BE7 /* AGHighscoresViewController.m */; };
		CEF0B5641F0F96FB00F18BE7 /* AGGameViewController.m in Sources */ = {isa = PBXBuildFile; fileRef = CEF0B5631F0F96FB00F18BE7 /* AGGameViewController.m */; };
		CEF0B5671F0F970F00F18BE7 /* AGGameFieldViewController.m in Sources */ = {isa = PBXBuildFile; fileRef = CEF0B5661F0F970F00F18BE7 /* AGGameFieldViewController.m */; };
		CEF0B5B51F138AF900F18BE7 /* AGHighscoresTableViewCell.m in Sources */ = {isa = PBXBuildFile; fileRef = CEF0B5B41F138AF900F18BE7 /* AGHighscoresTableViewCell.m */; };
		CEF0B5B91F13930700F18BE7 /* AGHighscoresManager.m in Sources */ = {isa = PBXBuildFile; fileRef = CEF0B5B81F13930700F18BE7 /* AGHighscoresManager.m */; };
/* End PBXBuildFile section */

/* Begin PBXFileReference section */
		CEAA8C6D1F16200000BC3CD7 /* UIColor+AwesomeGame.h */ = {isa = PBXFileReference; fileEncoding = 4; lastKnownFileType = sourcecode.c.h; path = "UIColor+AwesomeGame.h"; sourceTree = "<group>"; };
		CEAA8C6E1F16200000BC3CD7 /* UIColor+AwesomeGame.m */ = {isa = PBXFileReference; fileEncoding = 4; lastKnownFileType = sourcecode.c.objc; path = "UIColor+AwesomeGame.m"; sourceTree = "<group>"; };
		CEAA8C711F162BCF00BC3CD7 /* AGAlert.h */ = {isa = PBXFileReference; fileEncoding = 4; lastKnownFileType = sourcecode.c.h; path = AGAlert.h; sourceTree = "<group>"; };
		CEAA8C721F162BCF00BC3CD7 /* AGAlert.m */ = {isa = PBXFileReference; fileEncoding = 4; lastKnownFileType = sourcecode.c.objc; path = AGAlert.m; sourceTree = "<group>"; };
		CEAA8C731F162BCF00BC3CD7 /* AGAlert.xib */ = {isa = PBXFileReference; fileEncoding = 4; lastKnownFileType = file.xib; path = AGAlert.xib; sourceTree = "<group>"; };
		CEAA8C7D1F18EBFC00BC3CD7 /* AGGameItemView.h */ = {isa = PBXFileReference; fileEncoding = 4; lastKnownFileType = sourcecode.c.h; path = AGGameItemView.h; sourceTree = "<group>"; };
		CEAA8C7E1F18EBFC00BC3CD7 /* AGGameItemView.m */ = {isa = PBXFileReference; fileEncoding = 4; lastKnownFileType = sourcecode.c.objc; path = AGGameItemView.m; sourceTree = "<group>"; };
		CEAA8CB21F1D382B00BC3CD7 /* AGGameEngine.h */ = {isa = PBXFileReference; fileEncoding = 4; lastKnownFileType = sourcecode.c.h; path = AGGameEngine.h; sourceTree = "<group>"; };
		CEAA8CB31F1D382B00BC3CD7 /* AGGameEngine.m */ = {isa = PBXFileReference; fileEncoding = 4; lastKnownFileType = sourcecode.c.objc; path = AGGameEngine.m; sourceTree = "<group>"; };
		CEAA8CB41F1D382B00BC3CD7 /* AGGameItem.h */ = {isa = PBXFileReference; fileEncoding = 4; lastKnownFileType = sourcecode.c.h; path = AGGameItem.h; sourceTree = "<group>"; };
		CEAA8CB51F1D382B00BC3CD7 /* AGGameItem.m */ = {isa = PBXFileReference; fileEncoding = 4; lastKnownFileType = sourcecode.c.objc; path = AGGameItem.m; sourceTree = "<group>"; };
		CEAA8CD21F1F614800BC3CD7 /* AGGameItemTransition.h */ = {isa = PBXFileReference; fileEncoding = 4; lastKnownFileType = sourcecode.c.h; path = AGGameItemTransition.h; sourceTree = "<group>"; };
		CEAA8CD31F1F614800BC3CD7 /* AGGameItemTransition.m */ = {isa = PBXFileReference; fileEncoding = 4; lastKnownFileType = sourcecode.c.objc; path = AGGameItemTransition.m; sourceTree = "<group>"; };
		CEF0B5421F0F6F2B00F18BE7 /* AwesomeGame.app */ = {isa = PBXFileReference; explicitFileType = wrapper.application; includeInIndex = 0; path = AwesomeGame.app; sourceTree = BUILT_PRODUCTS_DIR; };
		CEF0B5461F0F6F2B00F18BE7 /* main.m */ = {isa = PBXFileReference; lastKnownFileType = sourcecode.c.objc; path = main.m; sourceTree = "<group>"; };
		CEF0B5481F0F6F2B00F18BE7 /* AppDelegate.h */ = {isa = PBXFileReference; lastKnownFileType = sourcecode.c.h; path = AppDelegate.h; sourceTree = "<group>"; };
		CEF0B5491F0F6F2B00F18BE7 /* AppDelegate.m */ = {isa = PBXFileReference; lastKnownFileType = sourcecode.c.objc; path = AppDelegate.m; sourceTree = "<group>"; };
		CEF0B54B1F0F6F2B00F18BE7 /* AGMainMenuViewController.h */ = {isa = PBXFileReference; lastKnownFileType = sourcecode.c.h; path = AGMainMenuViewController.h; sourceTree = "<group>"; };
		CEF0B54C1F0F6F2B00F18BE7 /* AGMainMenuViewController.m */ = {isa = PBXFileReference; lastKnownFileType = sourcecode.c.objc; path = AGMainMenuViewController.m; sourceTree = "<group>"; };
		CEF0B54F1F0F6F2B00F18BE7 /* Base */ = {isa = PBXFileReference; lastKnownFileType = file.storyboard; name = Base; path = Base.lproj/Main.storyboard; sourceTree = "<group>"; };
		CEF0B5511F0F6F2B00F18BE7 /* Assets.xcassets */ = {isa = PBXFileReference; lastKnownFileType = folder.assetcatalog; path = Assets.xcassets; sourceTree = "<group>"; };
		CEF0B5541F0F6F2B00F18BE7 /* Base */ = {isa = PBXFileReference; lastKnownFileType = file.storyboard; name = Base; path = Base.lproj/LaunchScreen.storyboard; sourceTree = "<group>"; };
		CEF0B5561F0F6F2B00F18BE7 /* Info.plist */ = {isa = PBXFileReference; lastKnownFileType = text.plist.xml; path = Info.plist; sourceTree = "<group>"; };
		CEF0B55C1F0F953400F18BE7 /* AGHighscoresViewController.h */ = {isa = PBXFileReference; fileEncoding = 4; lastKnownFileType = sourcecode.c.h; path = AGHighscoresViewController.h; sourceTree = "<group>"; };
		CEF0B55D1F0F953400F18BE7 /* AGHighscoresViewController.m */ = {isa = PBXFileReference; fileEncoding = 4; lastKnownFileType = sourcecode.c.objc; path = AGHighscoresViewController.m; sourceTree = "<group>"; };
		CEF0B5621F0F96FB00F18BE7 /* AGGameViewController.h */ = {isa = PBXFileReference; fileEncoding = 4; lastKnownFileType = sourcecode.c.h; path = AGGameViewController.h; sourceTree = "<group>"; };
		CEF0B5631F0F96FB00F18BE7 /* AGGameViewController.m */ = {isa = PBXFileReference; fileEncoding = 4; lastKnownFileType = sourcecode.c.objc; path = AGGameViewController.m; sourceTree = "<group>"; };
		CEF0B5651F0F970F00F18BE7 /* AGGameFieldViewController.h */ = {isa = PBXFileReference; fileEncoding = 4; lastKnownFileType = sourcecode.c.h; path = AGGameFieldViewController.h; sourceTree = "<group>"; };
		CEF0B5661F0F970F00F18BE7 /* AGGameFieldViewController.m */ = {isa = PBXFileReference; fileEncoding = 4; lastKnownFileType = sourcecode.c.objc; path = AGGameFieldViewController.m; sourceTree = "<group>"; };
		CEF0B5B31F138AF900F18BE7 /* AGHighscoresTableViewCell.h */ = {isa = PBXFileReference; fileEncoding = 4; lastKnownFileType = sourcecode.c.h; path = AGHighscoresTableViewCell.h; sourceTree = "<group>"; };
		CEF0B5B41F138AF900F18BE7 /* AGHighscoresTableViewCell.m */ = {isa = PBXFileReference; fileEncoding = 4; lastKnownFileType = sourcecode.c.objc; path = AGHighscoresTableViewCell.m; sourceTree = "<group>"; };
		CEF0B5B71F13930700F18BE7 /* AGHighscoresManager.h */ = {isa = PBXFileReference; fileEncoding = 4; lastKnownFileType = sourcecode.c.h; path = AGHighscoresManager.h; sourceTree = "<group>"; };
		CEF0B5B81F13930700F18BE7 /* AGHighscoresManager.m */ = {isa = PBXFileReference; fileEncoding = 4; lastKnownFileType = sourcecode.c.objc; path = AGHighscoresManager.m; sourceTree = "<group>"; };
/* End PBXFileReference section */

/* Begin PBXFrameworksBuildPhase section */
		CEF0B53F1F0F6F2B00F18BE7 /* Frameworks */ = {
			isa = PBXFrameworksBuildPhase;
			buildActionMask = 2147483647;
			files = (
			);
			runOnlyForDeploymentPostprocessing = 0;
		};
/* End PBXFrameworksBuildPhase section */

/* Begin PBXGroup section */
		CEAA8C701F16200700BC3CD7 /* Categories */ = {
			isa = PBXGroup;
			children = (
				CEAA8C6D1F16200000BC3CD7 /* UIColor+AwesomeGame.h */,
				CEAA8C6E1F16200000BC3CD7 /* UIColor+AwesomeGame.m */,
			);
			name = Categories;
			sourceTree = "<group>";
		};
		CEAA8C761F162BD900BC3CD7 /* Alerts */ = {
			isa = PBXGroup;
			children = (
				CEAA8C711F162BCF00BC3CD7 /* AGAlert.h */,
				CEAA8C721F162BCF00BC3CD7 /* AGAlert.m */,
				CEAA8C731F162BCF00BC3CD7 /* AGAlert.xib */,
			);
			name = Alerts;
			sourceTree = "<group>";
		};
		CEAA8C831F1CC06E00BC3CD7 /* Custom UI Elements */ = {
			isa = PBXGroup;
			children = (
				CEAA8C761F162BD900BC3CD7 /* Alerts */,
				CEF0B5B61F138B0A00F18BE7 /* Table Cells */,
				CEAA8C7D1F18EBFC00BC3CD7 /* AGGameItemView.h */,
				CEAA8C7E1F18EBFC00BC3CD7 /* AGGameItemView.m */,
			);
			name = "Custom UI Elements";
			sourceTree = "<group>";
		};
		CEAA8CB81F1D383200BC3CD7 /* Game Engine */ = {
			isa = PBXGroup;
			children = (
				CEAA8CB21F1D382B00BC3CD7 /* AGGameEngine.h */,
				CEAA8CB31F1D382B00BC3CD7 /* AGGameEngine.m */,
				CEAA8CB41F1D382B00BC3CD7 /* AGGameItem.h */,
				CEAA8CB51F1D382B00BC3CD7 /* AGGameItem.m */,
				CEAA8CD21F1F614800BC3CD7 /* AGGameItemTransition.h */,
				CEAA8CD31F1F614800BC3CD7 /* AGGameItemTransition.m */,
			);
			name = "Game Engine";
			sourceTree = "<group>";
		};
		CEF0B5391F0F6F2B00F18BE7 = {
			isa = PBXGroup;
			children = (
				CEF0B5441F0F6F2B00F18BE7 /* AwesomeGame */,
				CEF0B5431F0F6F2B00F18BE7 /* Products */,
			);
			sourceTree = "<group>";
		};
		CEF0B5431F0F6F2B00F18BE7 /* Products */ = {
			isa = PBXGroup;
			children = (
				CEF0B5421F0F6F2B00F18BE7 /* AwesomeGame.app */,
			);
			name = Products;
			sourceTree = "<group>";
		};
		CEF0B5441F0F6F2B00F18BE7 /* AwesomeGame */ = {
			isa = PBXGroup;
			children = (
				CEAA8CB81F1D383200BC3CD7 /* Game Engine */,
				CEAA8C701F16200700BC3CD7 /* Categories */,
				CEF0B5BA1F13930F00F18BE7 /* Managers */,
				CEAA8C831F1CC06E00BC3CD7 /* Custom UI Elements */,
				CEF0B5681F0F972900F18BE7 /* View Controllers */,
				CEF0B5481F0F6F2B00F18BE7 /* AppDelegate.h */,
				CEF0B5491F0F6F2B00F18BE7 /* AppDelegate.m */,
				CEF0B54E1F0F6F2B00F18BE7 /* Main.storyboard */,
				CEF0B5511F0F6F2B00F18BE7 /* Assets.xcassets */,
				CEF0B5531F0F6F2B00F18BE7 /* LaunchScreen.storyboard */,
				CEF0B5561F0F6F2B00F18BE7 /* Info.plist */,
				CEF0B5451F0F6F2B00F18BE7 /* Supporting Files */,
			);
			path = AwesomeGame;
			sourceTree = "<group>";
		};
		CEF0B5451F0F6F2B00F18BE7 /* Supporting Files */ = {
			isa = PBXGroup;
			children = (
				CEF0B5461F0F6F2B00F18BE7 /* main.m */,
			);
			name = "Supporting Files";
			sourceTree = "<group>";
		};
		CEF0B5681F0F972900F18BE7 /* View Controllers */ = {
			isa = PBXGroup;
			children = (
				CEF0B54B1F0F6F2B00F18BE7 /* AGMainMenuViewController.h */,
				CEF0B54C1F0F6F2B00F18BE7 /* AGMainMenuViewController.m */,
				CEF0B5621F0F96FB00F18BE7 /* AGGameViewController.h */,
				CEF0B5631F0F96FB00F18BE7 /* AGGameViewController.m */,
				CEF0B5651F0F970F00F18BE7 /* AGGameFieldViewController.h */,
				CEF0B5661F0F970F00F18BE7 /* AGGameFieldViewController.m */,
				CEF0B55C1F0F953400F18BE7 /* AGHighscoresViewController.h */,
				CEF0B55D1F0F953400F18BE7 /* AGHighscoresViewController.m */,
			);
			name = "View Controllers";
			sourceTree = "<group>";
		};
		CEF0B5B61F138B0A00F18BE7 /* Table Cells */ = {
			isa = PBXGroup;
			children = (
				CEF0B5B31F138AF900F18BE7 /* AGHighscoresTableViewCell.h */,
				CEF0B5B41F138AF900F18BE7 /* AGHighscoresTableViewCell.m */,
			);
			name = "Table Cells";
			sourceTree = "<group>";
		};
		CEF0B5BA1F13930F00F18BE7 /* Managers */ = {
			isa = PBXGroup;
			children = (
				CEF0B5B71F13930700F18BE7 /* AGHighscoresManager.h */,
				CEF0B5B81F13930700F18BE7 /* AGHighscoresManager.m */,
			);
			name = Managers;
			sourceTree = "<group>";
		};
/* End PBXGroup section */

/* Begin PBXNativeTarget section */
		CEF0B5411F0F6F2B00F18BE7 /* AwesomeGame */ = {
			isa = PBXNativeTarget;
			buildConfigurationList = CEF0B5591F0F6F2B00F18BE7 /* Build configuration list for PBXNativeTarget "AwesomeGame" */;
			buildPhases = (
				CEF0B53E1F0F6F2B00F18BE7 /* Sources */,
				CEF0B53F1F0F6F2B00F18BE7 /* Frameworks */,
				CEF0B5401F0F6F2B00F18BE7 /* Resources */,
			);
			buildRules = (
			);
			dependencies = (
			);
			name = AwesomeGame;
			productName = Lesson03;
			productReference = CEF0B5421F0F6F2B00F18BE7 /* AwesomeGame.app */;
			productType = "com.apple.product-type.application";
		};
/* End PBXNativeTarget section */

/* Begin PBXProject section */
		CEF0B53A1F0F6F2B00F18BE7 /* Project object */ = {
			isa = PBXProject;
			attributes = {
				LastUpgradeCheck = 0830;
				ORGANIZATIONNAME = user;
				TargetAttributes = {
					CEF0B5411F0F6F2B00F18BE7 = {
						CreatedOnToolsVersion = 8.3.3;
						ProvisioningStyle = Automatic;
					};
				};
			};
			buildConfigurationList = CEF0B53D1F0F6F2B00F18BE7 /* Build configuration list for PBXProject "AwesomeGame" */;
			compatibilityVersion = "Xcode 3.2";
			developmentRegion = English;
			hasScannedForEncodings = 0;
			knownRegions = (
				en,
				Base,
			);
			mainGroup = CEF0B5391F0F6F2B00F18BE7;
			productRefGroup = CEF0B5431F0F6F2B00F18BE7 /* Products */;
			projectDirPath = "";
			projectRoot = "";
			targets = (
				CEF0B5411F0F6F2B00F18BE7 /* AwesomeGame */,
			);
		};
/* End PBXProject section */

/* Begin PBXResourcesBuildPhase section */
		CEF0B5401F0F6F2B00F18BE7 /* Resources */ = {
			isa = PBXResourcesBuildPhase;
			buildActionMask = 2147483647;
			files = (
				CEAA8C751F162BCF00BC3CD7 /* AGAlert.xib in Resources */,
				CEF0B5551F0F6F2B00F18BE7 /* LaunchScreen.storyboard in Resources */,
				CEF0B5521F0F6F2B00F18BE7 /* Assets.xcassets in Resources */,
				CEF0B5501F0F6F2B00F18BE7 /* Main.storyboard in Resources */,
			);
			runOnlyForDeploymentPostprocessing = 0;
		};
/* End PBXResourcesBuildPhase section */

/* Begin PBXSourcesBuildPhase section */
		CEF0B53E1F0F6F2B00F18BE7 /* Sources */ = {
			isa = PBXSourcesBuildPhase;
			buildActionMask = 2147483647;
			files = (
				CEF0B5B51F138AF900F18BE7 /* AGHighscoresTableViewCell.m in Sources */,
				CEAA8C7F1F18EBFC00BC3CD7 /* AGGameItemView.m in Sources */,
				CEAA8CB91F1D3B2C00BC3CD7 /* AGGameItem.m in Sources */,
				CEF0B5671F0F970F00F18BE7 /* AGGameFieldViewController.m in Sources */,
				CEF0B54D1F0F6F2B00F18BE7 /* AGMainMenuViewController.m in Sources */,
				CEAA8C6F1F16200000BC3CD7 /* UIColor+AwesomeGame.m in Sources */,
				CEAA8CBA1F1D3B2F00BC3CD7 /* AGGameEngine.m in Sources */,
				CEF0B5B91F13930700F18BE7 /* AGHighscoresManager.m in Sources */,
				CEF0B5641F0F96FB00F18BE7 /* AGGameViewController.m in Sources */,
				CEF0B55E1F0F953400F18BE7 /* AGHighscoresViewController.m in Sources */,
				CEF0B54A1F0F6F2B00F18BE7 /* AppDelegate.m in Sources */,
				CEAA8C741F162BCF00BC3CD7 /* AGAlert.m in Sources */,
				CEF0B5471F0F6F2B00F18BE7 /* main.m in Sources */,
				CEAA8CD41F1F614800BC3CD7 /* AGGameItemTransition.m in Sources */,
			);
			runOnlyForDeploymentPostprocessing = 0;
		};
/* End PBXSourcesBuildPhase section */

/* Begin PBXVariantGroup section */
		CEF0B54E1F0F6F2B00F18BE7 /* Main.storyboard */ = {
			isa = PBXVariantGroup;
			children = (
				CEF0B54F1F0F6F2B00F18BE7 /* Base */,
			);
			name = Main.storyboard;
			sourceTree = "<group>";
		};
		CEF0B5531F0F6F2B00F18BE7 /* LaunchScreen.storyboard */ = {
			isa = PBXVariantGroup;
			children = (
				CEF0B5541F0F6F2B00F18BE7 /* Base */,
			);
			name = LaunchScreen.storyboard;
			sourceTree = "<group>";
		};
/* End PBXVariantGroup section */

/* Begin XCBuildConfiguration section */
		CEF0B5571F0F6F2B00F18BE7 /* Debug */ = {
			isa = XCBuildConfiguration;
			buildSettings = {
				ALWAYS_SEARCH_USER_PATHS = NO;
				CLANG_ANALYZER_NONNULL = YES;
				CLANG_ANALYZER_NUMBER_OBJECT_CONVERSION = YES_AGGRESSIVE;
				CLANG_CXX_LANGUAGE_STANDARD = "gnu++0x";
				CLANG_CXX_LIBRARY = "libc++";
				CLANG_ENABLE_MODULES = YES;
				CLANG_ENABLE_OBJC_ARC = YES;
				CLANG_WARN_BOOL_CONVERSION = YES;
				CLANG_WARN_CONSTANT_CONVERSION = YES;
				CLANG_WARN_DIRECT_OBJC_ISA_USAGE = YES_ERROR;
				CLANG_WARN_DOCUMENTATION_COMMENTS = YES;
				CLANG_WARN_EMPTY_BODY = YES;
				CLANG_WARN_ENUM_CONVERSION = YES;
				CLANG_WARN_INFINITE_RECURSION = YES;
				CLANG_WARN_INT_CONVERSION = YES;
				CLANG_WARN_OBJC_ROOT_CLASS = YES_ERROR;
				CLANG_WARN_SUSPICIOUS_MOVE = YES;
				CLANG_WARN_UNREACHABLE_CODE = YES;
				CLANG_WARN__DUPLICATE_METHOD_MATCH = YES;
				"CODE_SIGN_IDENTITY[sdk=iphoneos*]" = "iPhone Developer";
				COPY_PHASE_STRIP = NO;
				DEBUG_INFORMATION_FORMAT = dwarf;
				ENABLE_STRICT_OBJC_MSGSEND = YES;
				ENABLE_TESTABILITY = YES;
				GCC_C_LANGUAGE_STANDARD = gnu99;
				GCC_DYNAMIC_NO_PIC = NO;
				GCC_NO_COMMON_BLOCKS = YES;
				GCC_OPTIMIZATION_LEVEL = 0;
				GCC_PREPROCESSOR_DEFINITIONS = (
					"DEBUG=1",
					"$(inherited)",
				);
				GCC_WARN_64_TO_32_BIT_CONVERSION = YES;
				GCC_WARN_ABOUT_RETURN_TYPE = YES_ERROR;
				GCC_WARN_UNDECLARED_SELECTOR = YES;
				GCC_WARN_UNINITIALIZED_AUTOS = YES_AGGRESSIVE;
				GCC_WARN_UNUSED_FUNCTION = YES;
				GCC_WARN_UNUSED_VARIABLE = YES;
				IPHONEOS_DEPLOYMENT_TARGET = 10.3;
				MTL_ENABLE_DEBUG_INFO = YES;
				ONLY_ACTIVE_ARCH = YES;
				SDKROOT = iphoneos;
				TARGETED_DEVICE_FAMILY = "1,2";
			};
			name = Debug;
		};
		CEF0B5581F0F6F2B00F18BE7 /* Release */ = {
			isa = XCBuildConfiguration;
			buildSettings = {
				ALWAYS_SEARCH_USER_PATHS = NO;
				CLANG_ANALYZER_NONNULL = YES;
				CLANG_ANALYZER_NUMBER_OBJECT_CONVERSION = YES_AGGRESSIVE;
				CLANG_CXX_LANGUAGE_STANDARD = "gnu++0x";
				CLANG_CXX_LIBRARY = "libc++";
				CLANG_ENABLE_MODULES = YES;
				CLANG_ENABLE_OBJC_ARC = YES;
				CLANG_WARN_BOOL_CONVERSION = YES;
				CLANG_WARN_CONSTANT_CONVERSION = YES;
				CLANG_WARN_DIRECT_OBJC_ISA_USAGE = YES_ERROR;
				CLANG_WARN_DOCUMENTATION_COMMENTS = YES;
				CLANG_WARN_EMPTY_BODY = YES;
				CLANG_WARN_ENUM_CONVERSION = YES;
				CLANG_WARN_INFINITE_RECURSION = YES;
				CLANG_WARN_INT_CONVERSION = YES;
				CLANG_WARN_OBJC_ROOT_CLASS = YES_ERROR;
				CLANG_WARN_SUSPICIOUS_MOVE = YES;
				CLANG_WARN_UNREACHABLE_CODE = YES;
				CLANG_WARN__DUPLICATE_METHOD_MATCH = YES;
				"CODE_SIGN_IDENTITY[sdk=iphoneos*]" = "iPhone Developer";
				COPY_PHASE_STRIP = NO;
				DEBUG_INFORMATION_FORMAT = "dwarf-with-dsym";
				ENABLE_NS_ASSERTIONS = NO;
				ENABLE_STRICT_OBJC_MSGSEND = YES;
				GCC_C_LANGUAGE_STANDARD = gnu99;
				GCC_NO_COMMON_BLOCKS = YES;
				GCC_WARN_64_TO_32_BIT_CONVERSION = YES;
				GCC_WARN_ABOUT_RETURN_TYPE = YES_ERROR;
				GCC_WARN_UNDECLARED_SELECTOR = YES;
				GCC_WARN_UNINITIALIZED_AUTOS = YES_AGGRESSIVE;
				GCC_WARN_UNUSED_FUNCTION = YES;
				GCC_WARN_UNUSED_VARIABLE = YES;
				IPHONEOS_DEPLOYMENT_TARGET = 10.3;
				MTL_ENABLE_DEBUG_INFO = NO;
				SDKROOT = iphoneos;
				TARGETED_DEVICE_FAMILY = "1,2";
				VALIDATE_PRODUCT = YES;
			};
			name = Release;
		};
		CEF0B55A1F0F6F2B00F18BE7 /* Debug */ = {
			isa = XCBuildConfiguration;
			buildSettings = {
				ASSETCATALOG_COMPILER_APPICON_NAME = AppIcon;
				INFOPLIST_FILE = AwesomeGame/Info.plist;
				IPHONEOS_DEPLOYMENT_TARGET = 10.0;
				LD_RUNPATH_SEARCH_PATHS = "$(inherited) @executable_path/Frameworks";
				PRODUCT_BUNDLE_IDENTIFIER = ks.AwesomeGame;
				PRODUCT_NAME = "$(TARGET_NAME)";
			};
			name = Debug;
		};
		CEF0B55B1F0F6F2B00F18BE7 /* Release */ = {
			isa = XCBuildConfiguration;
			buildSettings = {
				ASSETCATALOG_COMPILER_APPICON_NAME = AppIcon;
				INFOPLIST_FILE = AwesomeGame/Info.plist;
				IPHONEOS_DEPLOYMENT_TARGET = 10.0;
				LD_RUNPATH_SEARCH_PATHS = "$(inherited) @executable_path/Frameworks";
				PRODUCT_BUNDLE_IDENTIFIER = ks.AwesomeGame;
				PRODUCT_NAME = "$(TARGET_NAME)";
			};
			name = Release;
		};
/* End XCBuildConfiguration section */

/* Begin XCConfigurationList section */
		CEF0B53D1F0F6F2B00F18BE7 /* Build configuration list for PBXProject "AwesomeGame" */ = {
			isa = XCConfigurationList;
			buildConfigurations = (
				CEF0B5571F0F6F2B00F18BE7 /* Debug */,
				CEF0B5581F0F6F2B00F18BE7 /* Release */,
			);
			defaultConfigurationIsVisible = 0;
			defaultConfigurationName = Release;
		};
		CEF0B5591F0F6F2B00F18BE7 /* Build configuration list for PBXNativeTarget "AwesomeGame" */ = {
			isa = XCConfigurationList;
			buildConfigurations = (
				CEF0B55A1F0F6F2B00F18BE7 /* Debug */,
				CEF0B55B1F0F6F2B00F18BE7 /* Release */,
			);
			defaultConfigurationIsVisible = 0;
			defaultConfigurationName = Release;
		};
/* End XCConfigurationList section */
	};
	rootObject = CEF0B53A1F0F6F2B00F18BE7 /* Project object */;
}
